
Microsoft Visual Studio Solution File, Format Version 12.00
# Visual Studio 15
VisualStudioVersion = 15.0.28010.2041
MinimumVisualStudioVersion = 10.0.40219.1
Project("{FAE04EC0-301F-11D3-BF4B-00C04F79EFBC}") = "MvvmCrossDemo.Android", "MvvmCrossDemo\MvvmCrossDemo.Android\MvvmCrossDemo.Android.csproj", "{E9C186A5-E603-4B7D-9DAE-70A268E72446}"
EndProject
Project("{FAE04EC0-301F-11D3-BF4B-00C04F79EFBC}") = "MvvmCrossDemo.iOS", "MvvmCrossDemo\MvvmCrossDemo.iOS\MvvmCrossDemo.iOS.csproj", "{35504438-B2FC-4377-9085-DDEA6668E77C}"
EndProject
Project("{FAE04EC0-301F-11D3-BF4B-00C04F79EFBC}") = "MvvmCrossDemo", "MvvmCrossDemo\MvvmCrossDemo\MvvmCrossDemo.csproj", "{08CD6717-ECD1-4FD1-AD6B-F7DC4B977337}"
EndProject
Global
	GlobalSection(SolutionConfigurationPlatforms) = preSolution
		Ad-Hoc|Any CPU = Ad-Hoc|Any CPU
		Ad-Hoc|iPhone = Ad-Hoc|iPhone
		Ad-Hoc|iPhoneSimulator = Ad-Hoc|iPhoneSimulator
		AppStore|Any CPU = AppStore|Any CPU
		AppStore|iPhone = AppStore|iPhone
		AppStore|iPhoneSimulator = AppStore|iPhoneSimulator
		Debug|Any CPU = Debug|Any CPU
		Debug|iPhone = Debug|iPhone
		Debug|iPhoneSimulator = Debug|iPhoneSimulator
		Release|Any CPU = Release|Any CPU
		Release|iPhone = Release|iPhone
		Release|iPhoneSimulator = Release|iPhoneSimulator
	EndGlobalSection
	GlobalSection(ProjectConfigurationPlatforms) = postSolution
		{E9C186A5-E603-4B7D-9DAE-70A268E72446}.Ad-Hoc|Any CPU.ActiveCfg = Release|Any CPU
		{E9C186A5-E603-4B7D-9DAE-70A268E72446}.Ad-Hoc|Any CPU.Build.0 = Release|Any CPU
		{E9C186A5-E603-4B7D-9DAE-70A268E72446}.Ad-Hoc|Any CPU.Deploy.0 = Release|Any CPU
		{E9C186A5-E603-4B7D-9DAE-70A268E72446}.Ad-Hoc|iPhone.ActiveCfg = Release|Any CPU
		{E9C186A5-E603-4B7D-9DAE-70A268E72446}.Ad-Hoc|iPhone.Build.0 = Release|Any CPU
		{E9C186A5-E603-4B7D-9DAE-70A268E72446}.Ad-Hoc|iPhone.Deploy.0 = Release|Any CPU
		{E9C186A5-E603-4B7D-9DAE-70A268E72446}.Ad-Hoc|iPhoneSimulator.ActiveCfg = Release|Any CPU
		{E9C186A5-E603-4B7D-9DAE-70A268E72446}.Ad-Hoc|iPhoneSimulator.Build.0 = Release|Any CPU
		{E9C186A5-E603-4B7D-9DAE-70A268E72446}.Ad-Hoc|iPhoneSimulator.Deploy.0 = Release|Any CPU
		{E9C186A5-E603-4B7D-9DAE-70A268E72446}.AppStore|Any CPU.ActiveCfg = Release|Any CPU
		{E9C186A5-E603-4B7D-9DAE-70A268E72446}.AppStore|Any CPU.Build.0 = Release|Any CPU
		{E9C186A5-E603-4B7D-9DAE-70A268E72446}.AppStore|Any CPU.Deploy.0 = Release|Any CPU
		{E9C186A5-E603-4B7D-9DAE-70A268E72446}.AppStore|iPhone.ActiveCfg = Release|Any CPU
		{E9C186A5-E603-4B7D-9DAE-70A268E72446}.AppStore|iPhone.Build.0 = Release|Any CPU
		{E9C186A5-E603-4B7D-9DAE-70A268E72446}.AppStore|iPhone.Deploy.0 = Release|Any CPU
		{E9C186A5-E603-4B7D-9DAE-70A268E72446}.AppStore|iPhoneSimulator.ActiveCfg = Release|Any CPU
		{E9C186A5-E603-4B7D-9DAE-70A268E72446}.AppStore|iPhoneSimulator.Build.0 = Release|Any CPU
		{E9C186A5-E603-4B7D-9DAE-70A268E72446}.AppStore|iPhoneSimulator.Deploy.0 = Release|Any CPU
		{E9C186A5-E603-4B7D-9DAE-70A268E72446}.Debug|Any CPU.ActiveCfg = Debug|Any CPU
		{E9C186A5-E603-4B7D-9DAE-70A268E72446}.Debug|Any CPU.Build.0 = Debug|Any CPU
		{E9C186A5-E603-4B7D-9DAE-70A268E72446}.Debug|Any CPU.Deploy.0 = Debug|Any CPU
		{E9C186A5-E603-4B7D-9DAE-70A268E72446}.Debug|iPhone.ActiveCfg = Debug|Any CPU
		{E9C186A5-E603-4B7D-9DAE-70A268E72446}.Debug|iPhone.Build.0 = Debug|Any CPU
		{E9C186A5-E603-4B7D-9DAE-70A268E72446}.Debug|iPhone.Deploy.0 = Debug|Any CPU
		{E9C186A5-E603-4B7D-9DAE-70A268E72446}.Debug|iPhoneSimulator.ActiveCfg = Debug|Any CPU
		{E9C186A5-E603-4B7D-9DAE-70A268E72446}.Debug|iPhoneSimulator.Build.0 = Debug|Any CPU
		{E9C186A5-E603-4B7D-9DAE-70A268E72446}.Debug|iPhoneSimulator.Deploy.0 = Debug|Any CPU
		{E9C186A5-E603-4B7D-9DAE-70A268E72446}.Release|Any CPU.ActiveCfg = Release|Any CPU
		{E9C186A5-E603-4B7D-9DAE-70A268E72446}.Release|Any CPU.Build.0 = Release|Any CPU
		{E9C186A5-E603-4B7D-9DAE-70A268E72446}.Release|Any CPU.Deploy.0 = Release|Any CPU
		{E9C186A5-E603-4B7D-9DAE-70A268E72446}.Release|iPhone.ActiveCfg = Release|Any CPU
		{E9C186A5-E603-4B7D-9DAE-70A268E72446}.Release|iPhone.Build.0 = Release|Any CPU
		{E9C186A5-E603-4B7D-9DAE-70A268E72446}.Release|iPhone.Deploy.0 = Release|Any CPU
		{E9C186A5-E603-4B7D-9DAE-70A268E72446}.Release|iPhoneSimulator.ActiveCfg = Release|Any CPU
		{E9C186A5-E603-4B7D-9DAE-70A268E72446}.Release|iPhoneSimulator.Build.0 = Release|Any CPU
		{E9C186A5-E603-4B7D-9DAE-70A268E72446}.Release|iPhoneSimulator.Deploy.0 = Release|Any CPU
		{35504438-B2FC-4377-9085-DDEA6668E77C}.Ad-Hoc|Any CPU.ActiveCfg = Ad-Hoc|iPhone
		{35504438-B2FC-4377-9085-DDEA6668E77C}.Ad-Hoc|Any CPU.Build.0 = Ad-Hoc|iPhone
		{35504438-B2FC-4377-9085-DDEA6668E77C}.Ad-Hoc|Any CPU.Deploy.0 = Ad-Hoc|iPhone
		{35504438-B2FC-4377-9085-DDEA6668E77C}.Ad-Hoc|iPhone.ActiveCfg = Ad-Hoc|iPhone
		{35504438-B2FC-4377-9085-DDEA6668E77C}.Ad-Hoc|iPhone.Build.0 = Ad-Hoc|iPhone
		{35504438-B2FC-4377-9085-DDEA6668E77C}.Ad-Hoc|iPhone.Deploy.0 = Ad-Hoc|iPhone
		{35504438-B2FC-4377-9085-DDEA6668E77C}.Ad-Hoc|iPhoneSimulator.ActiveCfg = Ad-Hoc|iPhoneSimulator
		{35504438-B2FC-4377-9085-DDEA6668E77C}.Ad-Hoc|iPhoneSimulator.Build.0 = Ad-Hoc|iPhoneSimulator
		{35504438-B2FC-4377-9085-DDEA6668E77C}.Ad-Hoc|iPhoneSimulator.Deploy.0 = Ad-Hoc|iPhoneSimulator
		{35504438-B2FC-4377-9085-DDEA6668E77C}.AppStore|Any CPU.ActiveCfg = AppStore|iPhone
		{35504438-B2FC-4377-9085-DDEA6668E77C}.AppStore|Any CPU.Build.0 = AppStore|iPhone
		{35504438-B2FC-4377-9085-DDEA6668E77C}.AppStore|Any CPU.Deploy.0 = AppStore|iPhone
		{35504438-B2FC-4377-9085-DDEA6668E77C}.AppStore|iPhone.ActiveCfg = AppStore|iPhone
		{35504438-B2FC-4377-9085-DDEA6668E77C}.AppStore|iPhone.Build.0 = AppStore|iPhone
		{35504438-B2FC-4377-9085-DDEA6668E77C}.AppStore|iPhone.Deploy.0 = AppStore|iPhone
		{35504438-B2FC-4377-9085-DDEA6668E77C}.AppStore|iPhoneSimulator.ActiveCfg = AppStore|iPhoneSimulator
		{35504438-B2FC-4377-9085-DDEA6668E77C}.AppStore|iPhoneSimulator.Build.0 = AppStore|iPhoneSimulator
		{35504438-B2FC-4377-9085-DDEA6668E77C}.AppStore|iPhoneSimulator.Deploy.0 = AppStore|iPhoneSimulator
		{35504438-B2FC-4377-9085-DDEA6668E77C}.Debug|Any CPU.ActiveCfg = Debug|iPhoneSimulator
		{35504438-B2FC-4377-9085-DDEA6668E77C}.Debug|Any CPU.Build.0 = Debug|iPhoneSimulator
		{35504438-B2FC-4377-9085-DDEA6668E77C}.Debug|Any CPU.Deploy.0 = Debug|iPhoneSimulator
		{35504438-B2FC-4377-9085-DDEA6668E77C}.Debug|iPhone.ActiveCfg = Debug|iPhone
		{35504438-B2FC-4377-9085-DDEA6668E77C}.Debug|iPhone.Build.0 = Debug|iPhone
		{35504438-B2FC-4377-9085-DDEA6668E77C}.Debug|iPhone.Deploy.0 = Debug|iPhone
		{35504438-B2FC-4377-9085-DDEA6668E77C}.Debug|iPhoneSimulator.ActiveCfg = Debug|iPhoneSimulator
		{35504438-B2FC-4377-9085-DDEA6668E77C}.Debug|iPhoneSimulator.Build.0 = Debug|iPhoneSimulator
		{35504438-B2FC-4377-9085-DDEA6668E77C}.Debug|iPhoneSimulator.Deploy.0 = Debug|iPhoneSimulator
		{35504438-B2FC-4377-9085-DDEA6668E77C}.Release|Any CPU.ActiveCfg = Release|iPhone
		{35504438-B2FC-4377-9085-DDEA6668E77C}.Release|Any CPU.Build.0 = Release|iPhone
		{35504438-B2FC-4377-9085-DDEA6668E77C}.Release|Any CPU.Deploy.0 = Release|iPhone
		{35504438-B2FC-4377-9085-DDEA6668E77C}.Release|iPhone.ActiveCfg = Release|iPhone
		{35504438-B2FC-4377-9085-DDEA6668E77C}.Release|iPhone.Build.0 = Release|iPhone
		{35504438-B2FC-4377-9085-DDEA6668E77C}.Release|iPhone.Deploy.0 = Release|iPhone
		{35504438-B2FC-4377-9085-DDEA6668E77C}.Release|iPhoneSimulator.ActiveCfg = Release|iPhoneSimulator
		{35504438-B2FC-4377-9085-DDEA6668E77C}.Release|iPhoneSimulator.Build.0 = Release|iPhoneSimulator
		{35504438-B2FC-4377-9085-DDEA6668E77C}.Release|iPhoneSimulator.Deploy.0 = Release|iPhoneSimulator
		{08CD6717-ECD1-4FD1-AD6B-F7DC4B977337}.Ad-Hoc|Any CPU.ActiveCfg = Debug|Any CPU
		{08CD6717-ECD1-4FD1-AD6B-F7DC4B977337}.Ad-Hoc|Any CPU.Build.0 = Debug|Any CPU
		{08CD6717-ECD1-4FD1-AD6B-F7DC4B977337}.Ad-Hoc|Any CPU.Deploy.0 = Debug|Any CPU
		{08CD6717-ECD1-4FD1-AD6B-F7DC4B977337}.Ad-Hoc|iPhone.ActiveCfg = Debug|Any CPU
		{08CD6717-ECD1-4FD1-AD6B-F7DC4B977337}.Ad-Hoc|iPhone.Build.0 = Debug|Any CPU
		{08CD6717-ECD1-4FD1-AD6B-F7DC4B977337}.Ad-Hoc|iPhone.Deploy.0 = Debug|Any CPU
		{08CD6717-ECD1-4FD1-AD6B-F7DC4B977337}.Ad-Hoc|iPhoneSimulator.ActiveCfg = Debug|Any CPU
		{08CD6717-ECD1-4FD1-AD6B-F7DC4B977337}.Ad-Hoc|iPhoneSimulator.Build.0 = Debug|Any CPU
		{08CD6717-ECD1-4FD1-AD6B-F7DC4B977337}.Ad-Hoc|iPhoneSimulator.Deploy.0 = Debug|Any CPU
		{08CD6717-ECD1-4FD1-AD6B-F7DC4B977337}.AppStore|Any CPU.ActiveCfg = Debug|Any CPU
		{08CD6717-ECD1-4FD1-AD6B-F7DC4B977337}.AppStore|Any CPU.Build.0 = Debug|Any CPU
		{08CD6717-ECD1-4FD1-AD6B-F7DC4B977337}.AppStore|Any CPU.Deploy.0 = Debug|Any CPU
		{08CD6717-ECD1-4FD1-AD6B-F7DC4B977337}.AppStore|iPhone.ActiveCfg = Debug|Any CPU
		{08CD6717-ECD1-4FD1-AD6B-F7DC4B977337}.AppStore|iPhone.Build.0 = Debug|Any CPU
		{08CD6717-ECD1-4FD1-AD6B-F7DC4B977337}.AppStore|iPhone.Deploy.0 = Debug|Any CPU
		{08CD6717-ECD1-4FD1-AD6B-F7DC4B977337}.AppStore|iPhoneSimulator.ActiveCfg = Debug|Any CPU
		{08CD6717-ECD1-4FD1-AD6B-F7DC4B977337}.AppStore|iPhoneSimulator.Build.0 = Debug|Any CPU
		{08CD6717-ECD1-4FD1-AD6B-F7DC4B977337}.AppStore|iPhoneSimulator.Deploy.0 = Debug|Any CPU
		{08CD6717-ECD1-4FD1-AD6B-F7DC4B977337}.Debug|Any CPU.ActiveCfg = Debug|Any CPU
		{08CD6717-ECD1-4FD1-AD6B-F7DC4B977337}.Debug|Any CPU.Build.0 = Debug|Any CPU
		{08CD6717-ECD1-4FD1-AD6B-F7DC4B977337}.Debug|Any CPU.Deploy.0 = Debug|Any CPU
		{08CD6717-ECD1-4FD1-AD6B-F7DC4B977337}.Debug|iPhone.ActiveCfg = Debug|Any CPU
		{08CD6717-ECD1-4FD1-AD6B-F7DC4B977337}.Debug|iPhone.Build.0 = Debug|Any CPU
		{08CD6717-ECD1-4FD1-AD6B-F7DC4B977337}.Debug|iPhone.Deploy.0 = Debug|Any CPU
		{08CD6717-ECD1-4FD1-AD6B-F7DC4B977337}.Debug|iPhoneSimulator.ActiveCfg = Debug|Any CPU
		{08CD6717-ECD1-4FD1-AD6B-F7DC4B977337}.Debug|iPhoneSimulator.Build.0 = Debug|Any CPU
		{08CD6717-ECD1-4FD1-AD6B-F7DC4B977337}.Debug|iPhoneSimulator.Deploy.0 = Debug|Any CPU
		{08CD6717-ECD1-4FD1-AD6B-F7DC4B977337}.Release|Any CPU.ActiveCfg = Release|Any CPU
		{08CD6717-ECD1-4FD1-AD6B-F7DC4B977337}.Release|Any CPU.Build.0 = Release|Any CPU
		{08CD6717-ECD1-4FD1-AD6B-F7DC4B977337}.Release|Any CPU.Deploy.0 = Release|Any CPU
		{08CD6717-ECD1-4FD1-AD6B-F7DC4B977337}.Release|iPhone.ActiveCfg = Release|Any CPU
		{08CD6717-ECD1-4FD1-AD6B-F7DC4B977337}.Release|iPhone.Build.0 = Release|Any CPU
		{08CD6717-ECD1-4FD1-AD6B-F7DC4B977337}.Release|iPhone.Deploy.0 = Release|Any CPU
		{08CD6717-ECD1-4FD1-AD6B-F7DC4B977337}.Release|iPhoneSimulator.ActiveCfg = Release|Any CPU
		{08CD6717-ECD1-4FD1-AD6B-F7DC4B977337}.Release|iPhoneSimulator.Build.0 = Release|Any CPU
		{08CD6717-ECD1-4FD1-AD6B-F7DC4B977337}.Release|iPhoneSimulator.Deploy.0 = Release|Any CPU
	EndGlobalSection
	GlobalSection(SolutionProperties) = preSolution
		HideSolutionNode = FALSE
	EndGlobalSection
	GlobalSection(ExtensibilityGlobals) = postSolution
		SolutionGuid = {7C1E6D58-2F90-44B3-A96B-4BCB93F07C8E}
	EndGlobalSection
EndGlobal
